
Microsoft Visual Studio Solution File, Format Version 12.00
# Visual Studio Version 17
VisualStudioVersion = 17.10.35122.118
MinimumVisualStudioVersion = 10.0.40219.1
Project("{FAE04EC0-301F-11D3-BF4B-00C04F79EFBC}") = "Oktay-PurpleBuzz", "Oktay-PurpleBuzz\Oktay-PurpleBuzz.csproj", "{479095E5-F446-418A-93AB-BB0DB9C5C544}"
EndProject
Global
	GlobalSection(SolutionConfigurationPlatforms) = preSolution
		Debug|Any CPU = Debug|Any CPU
		Release|Any CPU = Release|Any CPU
	EndGlobalSection
	GlobalSection(ProjectConfigurationPlatforms) = postSolution
		{479095E5-F446-418A-93AB-BB0DB9C5C544}.Debug|Any CPU.ActiveCfg = Debug|Any CPU
		{479095E5-F446-418A-93AB-BB0DB9C5C544}.Debug|Any CPU.Build.0 = Debug|Any CPU
		{479095E5-F446-418A-93AB-BB0DB9C5C544}.Release|Any CPU.ActiveCfg = Release|Any CPU
		{479095E5-F446-418A-93AB-BB0DB9C5C544}.Release|Any CPU.Build.0 = Release|Any CPU
	EndGlobalSection
	GlobalSection(SolutionProperties) = preSolution
		HideSolutionNode = FALSE
	EndGlobalSection
	GlobalSection(ExtensibilityGlobals) = postSolution
		SolutionGuid = {F5093506-CEBE-4250-B711-59487A28A92F}
	EndGlobalSection
EndGlobal
